
Microsoft Visual Studio Solution File, Format Version 12.00
# Visual Studio Version 16
VisualStudioVersion = 16.0.30225.117
MinimumVisualStudioVersion = 10.0.40219.1
Project("{FAE04EC0-301F-11D3-BF4B-00C04F79EFBC}") = "ExampleConsoleApp", "ExampleConsoleApp\ExampleConsoleApp.csproj", "{106C845B-CA18-4409-9E49-53CF68E6D45A}"
EndProject
Global
	GlobalSection(SolutionConfigurationPlatforms) = preSolution
		Debug|Any CPU = Debug|Any CPU
		Release|Any CPU = Release|Any CPU
	EndGlobalSection
	GlobalSection(ProjectConfigurationPlatforms) = postSolution
		{106C845B-CA18-4409-9E49-53CF68E6D45A}.Debug|Any CPU.ActiveCfg = Debug|Any CPU
		{106C845B-CA18-4409-9E49-53CF68E6D45A}.Debug|Any CPU.Build.0 = Debug|Any CPU
		{106C845B-CA18-4409-9E49-53CF68E6D45A}.Release|Any CPU.ActiveCfg = Release|Any CPU
		{106C845B-CA18-4409-9E49-53CF68E6D45A}.Release|Any CPU.Build.0 = Release|Any CPU
	EndGlobalSection
	GlobalSection(SolutionProperties) = preSolution
		HideSolutionNode = FALSE
	EndGlobalSection
	GlobalSection(ExtensibilityGlobals) = postSolution
		SolutionGuid = {04BB172E-E123-4360-A785-8DD7BA66E019}
	EndGlobalSection
EndGlobal
